// !$*UTF8*$!
{
	archiveVersion = 1;
	classes = {
	};
	objectVersion = 50;
	objects = {

/* Begin PBXBuildFile section */
		0449020826D568C600186D5A /* AppDelegate.swift in Sources */ = {isa = PBXBuildFile; fileRef = 0449020726D568C600186D5A /* AppDelegate.swift */; };
		0449020C26D568C600186D5A /* ViewController.swift in Sources */ = {isa = PBXBuildFile; fileRef = 0449020B26D568C600186D5A /* ViewController.swift */; };
		0449020F26D568C600186D5A /* Main.storyboard in Resources */ = {isa = PBXBuildFile; fileRef = 0449020D26D568C600186D5A /* Main.storyboard */; };
		0449021126D568C900186D5A /* Assets.xcassets in Resources */ = {isa = PBXBuildFile; fileRef = 0449021026D568C900186D5A /* Assets.xcassets */; };
		0449021426D568C900186D5A /* LaunchScreen.storyboard in Resources */ = {isa = PBXBuildFile; fileRef = 0449021226D568C900186D5A /* LaunchScreen.storyboard */; };
		0449021D26D56D8E00186D5A /* SearchViewController.swift in Sources */ = {isa = PBXBuildFile; fileRef = 0449021C26D56D8E00186D5A /* SearchViewController.swift */; };
		0449022026D56DC900186D5A /* MediatecaViewController.swift in Sources */ = {isa = PBXBuildFile; fileRef = 0449021F26D56DC900186D5A /* MediatecaViewController.swift */; };
		0449022326D56E0600186D5A /* ForYouViewController.swift in Sources */ = {isa = PBXBuildFile; fileRef = 0449022226D56E0600186D5A /* ForYouViewController.swift */; };
		0449022626D56E5500186D5A /* AlbumViewController.swift in Sources */ = {isa = PBXBuildFile; fileRef = 0449022526D56E5500186D5A /* AlbumViewController.swift */; };
		0449022826D56F4D00186D5A /* AlbumCollectionViewCell.swift in Sources */ = {isa = PBXBuildFile; fileRef = 0449022726D56F4D00186D5A /* AlbumCollectionViewCell.swift */; };
/* End PBXBuildFile section */

/* Begin PBXFileReference section */
		0449020426D568C600186D5A /* UICollectionViewProject4.app */ = {isa = PBXFileReference; explicitFileType = wrapper.application; includeInIndex = 0; path = UICollectionViewProject4.app; sourceTree = BUILT_PRODUCTS_DIR; };
		0449020726D568C600186D5A /* AppDelegate.swift */ = {isa = PBXFileReference; lastKnownFileType = sourcecode.swift; path = AppDelegate.swift; sourceTree = "<group>"; };
		0449020B26D568C600186D5A /* ViewController.swift */ = {isa = PBXFileReference; lastKnownFileType = sourcecode.swift; path = ViewController.swift; sourceTree = "<group>"; };
		0449020E26D568C600186D5A /* Base */ = {isa = PBXFileReference; lastKnownFileType = file.storyboard; name = Base; path = Base.lproj/Main.storyboard; sourceTree = "<group>"; };
		0449021026D568C900186D5A /* Assets.xcassets */ = {isa = PBXFileReference; lastKnownFileType = folder.assetcatalog; path = Assets.xcassets; sourceTree = "<group>"; };
		0449021326D568C900186D5A /* Base */ = {isa = PBXFileReference; lastKnownFileType = file.storyboard; name = Base; path = Base.lproj/LaunchScreen.storyboard; sourceTree = "<group>"; };
		0449021526D568C900186D5A /* Info.plist */ = {isa = PBXFileReference; lastKnownFileType = text.plist.xml; path = Info.plist; sourceTree = "<group>"; };
		0449021C26D56D8E00186D5A /* SearchViewController.swift */ = {isa = PBXFileReference; lastKnownFileType = sourcecode.swift; path = SearchViewController.swift; sourceTree = "<group>"; };
		0449021F26D56DC900186D5A /* MediatecaViewController.swift */ = {isa = PBXFileReference; lastKnownFileType = sourcecode.swift; path = MediatecaViewController.swift; sourceTree = "<group>"; };
		0449022226D56E0600186D5A /* ForYouViewController.swift */ = {isa = PBXFileReference; lastKnownFileType = sourcecode.swift; path = ForYouViewController.swift; sourceTree = "<group>"; };
		0449022526D56E5500186D5A /* AlbumViewController.swift */ = {isa = PBXFileReference; lastKnownFileType = sourcecode.swift; path = AlbumViewController.swift; sourceTree = "<group>"; };
		0449022726D56F4D00186D5A /* AlbumCollectionViewCell.swift */ = {isa = PBXFileReference; lastKnownFileType = sourcecode.swift; path = AlbumCollectionViewCell.swift; sourceTree = "<group>"; };
/* End PBXFileReference section */

/* Begin PBXFrameworksBuildPhase section */
		0449020126D568C600186D5A /* Frameworks */ = {
			isa = PBXFrameworksBuildPhase;
			buildActionMask = 2147483647;
			files = (
			);
			runOnlyForDeploymentPostprocessing = 0;
		};
/* End PBXFrameworksBuildPhase section */

/* Begin PBXGroup section */
		044901FB26D568C600186D5A = {
			isa = PBXGroup;
			children = (
				0449020626D568C600186D5A /* UICollectionViewProject4 */,
				0449020526D568C600186D5A /* Products */,
			);
			sourceTree = "<group>";
		};
		0449020526D568C600186D5A /* Products */ = {
			isa = PBXGroup;
			children = (
				0449020426D568C600186D5A /* UICollectionViewProject4.app */,
			);
			name = Products;
			sourceTree = "<group>";
		};
		0449020626D568C600186D5A /* UICollectionViewProject4 */ = {
			isa = PBXGroup;
			children = (
				0449022426D56E2D00186D5A /* Album */,
				0449022126D56DE600186D5A /* ForYou */,
				0449021E26D56DA200186D5A /* Mediateca */,
				0449021B26D56D5B00186D5A /* Search */,
				0449020726D568C600186D5A /* AppDelegate.swift */,
				0449020B26D568C600186D5A /* ViewController.swift */,
				0449020D26D568C600186D5A /* Main.storyboard */,
				0449021026D568C900186D5A /* Assets.xcassets */,
				0449021226D568C900186D5A /* LaunchScreen.storyboard */,
				0449021526D568C900186D5A /* Info.plist */,
			);
			path = UICollectionViewProject4;
			sourceTree = "<group>";
		};
		0449021B26D56D5B00186D5A /* Search */ = {
			isa = PBXGroup;
			children = (
				0449021C26D56D8E00186D5A /* SearchViewController.swift */,
			);
			path = Search;
			sourceTree = "<group>";
		};
		0449021E26D56DA200186D5A /* Mediateca */ = {
			isa = PBXGroup;
			children = (
				0449021F26D56DC900186D5A /* MediatecaViewController.swift */,
			);
			path = Mediateca;
			sourceTree = "<group>";
		};
		0449022126D56DE600186D5A /* ForYou */ = {
			isa = PBXGroup;
			children = (
				0449022226D56E0600186D5A /* ForYouViewController.swift */,
			);
			path = ForYou;
			sourceTree = "<group>";
		};
		0449022426D56E2D00186D5A /* Album */ = {
			isa = PBXGroup;
			children = (
				0449022526D56E5500186D5A /* AlbumViewController.swift */,
				0449022726D56F4D00186D5A /* AlbumCollectionViewCell.swift */,
			);
			path = Album;
			sourceTree = "<group>";
		};
/* End PBXGroup section */

/* Begin PBXNativeTarget section */
		0449020326D568C600186D5A /* UICollectionViewProject4 */ = {
			isa = PBXNativeTarget;
			buildConfigurationList = 0449021826D568C900186D5A /* Build configuration list for PBXNativeTarget "UICollectionViewProject4" */;
			buildPhases = (
				0449020026D568C600186D5A /* Sources */,
				0449020126D568C600186D5A /* Frameworks */,
				0449020226D568C600186D5A /* Resources */,
			);
			buildRules = (
			);
			dependencies = (
			);
			name = UICollectionViewProject4;
			productName = UICollectionViewProject4;
			productReference = 0449020426D568C600186D5A /* UICollectionViewProject4.app */;
			productType = "com.apple.product-type.application";
		};
/* End PBXNativeTarget section */

/* Begin PBXProject section */
		044901FC26D568C600186D5A /* Project object */ = {
			isa = PBXProject;
			attributes = {
				LastSwiftUpdateCheck = 1250;
				LastUpgradeCheck = 1250;
				TargetAttributes = {
					0449020326D568C600186D5A = {
						CreatedOnToolsVersion = 12.5.1;
					};
				};
			};
			buildConfigurationList = 044901FF26D568C600186D5A /* Build configuration list for PBXProject "UICollectionViewProject4" */;
			compatibilityVersion = "Xcode 9.3";
			developmentRegion = en;
			hasScannedForEncodings = 0;
			knownRegions = (
				en,
				Base,
			);
			mainGroup = 044901FB26D568C600186D5A;
			productRefGroup = 0449020526D568C600186D5A /* Products */;
			projectDirPath = "";
			projectRoot = "";
			targets = (
				0449020326D568C600186D5A /* UICollectionViewProject4 */,
			);
		};
/* End PBXProject section */

/* Begin PBXResourcesBuildPhase section */
		0449020226D568C600186D5A /* Resources */ = {
			isa = PBXResourcesBuildPhase;
			buildActionMask = 2147483647;
			files = (
				0449021426D568C900186D5A /* LaunchScreen.storyboard in Resources */,
				0449021126D568C900186D5A /* Assets.xcassets in Resources */,
				0449020F26D568C600186D5A /* Main.storyboard in Resources */,
			);
			runOnlyForDeploymentPostprocessing = 0;
		};
/* End PBXResourcesBuildPhase section */

/* Begin PBXSourcesBuildPhase section */
		0449020026D568C600186D5A /* Sources */ = {
			isa = PBXSourcesBuildPhase;
			buildActionMask = 2147483647;
			files = (
				0449022626D56E5500186D5A /* AlbumViewController.swift in Sources */,
				0449022026D56DC900186D5A /* MediatecaViewController.swift in Sources */,
				0449021D26D56D8E00186D5A /* SearchViewController.swift in Sources */,
				0449020C26D568C600186D5A /* ViewController.swift in Sources */,
				0449022326D56E0600186D5A /* ForYouViewController.swift in Sources */,
				0449020826D568C600186D5A /* AppDelegate.swift in Sources */,
				0449022826D56F4D00186D5A /* AlbumCollectionViewCell.swift in Sources */,
			);
			runOnlyForDeploymentPostprocessing = 0;
		};
/* End PBXSourcesBuildPhase section */

/* Begin PBXVariantGroup section */
		0449020D26D568C600186D5A /* Main.storyboard */ = {
			isa = PBXVariantGroup;
			children = (
				0449020E26D568C600186D5A /* Base */,
			);
			name = Main.storyboard;
			sourceTree = "<group>";
		};
		0449021226D568C900186D5A /* LaunchScreen.storyboard */ = {
			isa = PBXVariantGroup;
			children = (
				0449021326D568C900186D5A /* Base */,
			);
			name = LaunchScreen.storyboard;
			sourceTree = "<group>";
		};
/* End PBXVariantGroup section */

/* Begin XCBuildConfiguration section */
		0449021626D568C900186D5A /* Debug */ = {
			isa = XCBuildConfiguration;
			buildSettings = {
				ALWAYS_SEARCH_USER_PATHS = NO;
				CLANG_ANALYZER_NONNULL = YES;
				CLANG_ANALYZER_NUMBER_OBJECT_CONVERSION = YES_AGGRESSIVE;
				CLANG_CXX_LANGUAGE_STANDARD = "gnu++14";
				CLANG_CXX_LIBRARY = "libc++";
				CLANG_ENABLE_MODULES = YES;
				CLANG_ENABLE_OBJC_ARC = YES;
				CLANG_ENABLE_OBJC_WEAK = YES;
				CLANG_WARN_BLOCK_CAPTURE_AUTORELEASING = YES;
				CLANG_WARN_BOOL_CONVERSION = YES;
				CLANG_WARN_COMMA = YES;
				CLANG_WARN_CONSTANT_CONVERSION = YES;
				CLANG_WARN_DEPRECATED_OBJC_IMPLEMENTATIONS = YES;
				CLANG_WARN_DIRECT_OBJC_ISA_USAGE = YES_ERROR;
				CLANG_WARN_DOCUMENTATION_COMMENTS = YES;
				CLANG_WARN_EMPTY_BODY = YES;
				CLANG_WARN_ENUM_CONVERSION = YES;
				CLANG_WARN_INFINITE_RECURSION = YES;
				CLANG_WARN_INT_CONVERSION = YES;
				CLANG_WARN_NON_LITERAL_NULL_CONVERSION = YES;
				CLANG_WARN_OBJC_IMPLICIT_RETAIN_SELF = YES;
				CLANG_WARN_OBJC_LITERAL_CONVERSION = YES;
				CLANG_WARN_OBJC_ROOT_CLASS = YES_ERROR;
				CLANG_WARN_QUOTED_INCLUDE_IN_FRAMEWORK_HEADER = YES;
				CLANG_WARN_RANGE_LOOP_ANALYSIS = YES;
				CLANG_WARN_STRICT_PROTOTYPES = YES;
				CLANG_WARN_SUSPICIOUS_MOVE = YES;
				CLANG_WARN_UNGUARDED_AVAILABILITY = YES_AGGRESSIVE;
				CLANG_WARN_UNREACHABLE_CODE = YES;
				CLANG_WARN__DUPLICATE_METHOD_MATCH = YES;
				COPY_PHASE_STRIP = NO;
				DEBUG_INFORMATION_FORMAT = dwarf;
				ENABLE_STRICT_OBJC_MSGSEND = YES;
				ENABLE_TESTABILITY = YES;
				GCC_C_LANGUAGE_STANDARD = gnu11;
				GCC_DYNAMIC_NO_PIC = NO;
				GCC_NO_COMMON_BLOCKS = YES;
				GCC_OPTIMIZATION_LEVEL = 0;
				GCC_PREPROCESSOR_DEFINITIONS = (
					"DEBUG=1",
					"$(inherited)",
				);
				GCC_WARN_64_TO_32_BIT_CONVERSION = YES;
				GCC_WARN_ABOUT_RETURN_TYPE = YES_ERROR;
				GCC_WARN_UNDECLARED_SELECTOR = YES;
				GCC_WARN_UNINITIALIZED_AUTOS = YES_AGGRESSIVE;
				GCC_WARN_UNUSED_FUNCTION = YES;
				GCC_WARN_UNUSED_VARIABLE = YES;
				IPHONEOS_DEPLOYMENT_TARGET = 14.5;
				MTL_ENABLE_DEBUG_INFO = INCLUDE_SOURCE;
				MTL_FAST_MATH = YES;
				ONLY_ACTIVE_ARCH = YES;
				SDKROOT = iphoneos;
				SWIFT_ACTIVE_COMPILATION_CONDITIONS = DEBUG;
				SWIFT_OPTIMIZATION_LEVEL = "-Onone";
			};
			name = Debug;
		};
		0449021726D568C900186D5A /* Release */ = {
			isa = XCBuildConfiguration;
			buildSettings = {
				ALWAYS_SEARCH_USER_PATHS = NO;
				CLANG_ANALYZER_NONNULL = YES;
				CLANG_ANALYZER_NUMBER_OBJECT_CONVERSION = YES_AGGRESSIVE;
				CLANG_CXX_LANGUAGE_STANDARD = "gnu++14";
				CLANG_CXX_LIBRARY = "libc++";
				CLANG_ENABLE_MODULES = YES;
				CLANG_ENABLE_OBJC_ARC = YES;
				CLANG_ENABLE_OBJC_WEAK = YES;
				CLANG_WARN_BLOCK_CAPTURE_AUTORELEASING = YES;
				CLANG_WARN_BOOL_CONVERSION = YES;
				CLANG_WARN_COMMA = YES;
				CLANG_WARN_CONSTANT_CONVERSION = YES;
				CLANG_WARN_DEPRECATED_OBJC_IMPLEMENTATIONS = YES;
				CLANG_WARN_DIRECT_OBJC_ISA_USAGE = YES_ERROR;
				CLANG_WARN_DOCUMENTATION_COMMENTS = YES;
				CLANG_WARN_EMPTY_BODY = YES;
				CLANG_WARN_ENUM_CONVERSION = YES;
				CLANG_WARN_INFINITE_RECURSION = YES;
				CLANG_WARN_INT_CONVERSION = YES;
				CLANG_WARN_NON_LITERAL_NULL_CONVERSION = YES;
				CLANG_WARN_OBJC_IMPLICIT_RETAIN_SELF = YES;
				CLANG_WARN_OBJC_LITERAL_CONVERSION = YES;
				CLANG_WARN_OBJC_ROOT_CLASS = YES_ERROR;
				CLANG_WARN_QUOTED_INCLUDE_IN_FRAMEWORK_HEADER = YES;
				CLANG_WARN_RANGE_LOOP_ANALYSIS = YES;
				CLANG_WARN_STRICT_PROTOTYPES = YES;
				CLANG_WARN_SUSPICIOUS_MOVE = YES;
				CLANG_WARN_UNGUARDED_AVAILABILITY = YES_AGGRESSIVE;
				CLANG_WARN_UNREACHABLE_CODE = YES;
				CLANG_WARN__DUPLICATE_METHOD_MATCH = YES;
				COPY_PHASE_STRIP = NO;
				DEBUG_INFORMATION_FORMAT = "dwarf-with-dsym";
				ENABLE_NS_ASSERTIONS = NO;
				ENABLE_STRICT_OBJC_MSGSEND = YES;
				GCC_C_LANGUAGE_STANDARD = gnu11;
				GCC_NO_COMMON_BLOCKS = YES;
				GCC_WARN_64_TO_32_BIT_CONVERSION = YES;
				GCC_WARN_ABOUT_RETURN_TYPE = YES_ERROR;
				GCC_WARN_UNDECLARED_SELECTOR = YES;
				GCC_WARN_UNINITIALIZED_AUTOS = YES_AGGRESSIVE;
				GCC_WARN_UNUSED_FUNCTION = YES;
				GCC_WARN_UNUSED_VARIABLE = YES;
				IPHONEOS_DEPLOYMENT_TARGET = 14.5;
				MTL_ENABLE_DEBUG_INFO = NO;
				MTL_FAST_MATH = YES;
				SDKROOT = iphoneos;
				SWIFT_COMPILATION_MODE = wholemodule;
				SWIFT_OPTIMIZATION_LEVEL = "-O";
				VALIDATE_PRODUCT = YES;
			};
			name = Release;
		};
		0449021926D568C900186D5A /* Debug */ = {
			isa = XCBuildConfiguration;
			buildSettings = {
				ASSETCATALOG_COMPILER_APPICON_NAME = AppIcon;
				ASSETCATALOG_COMPILER_GLOBAL_ACCENT_COLOR_NAME = AccentColor;
				CODE_SIGN_STYLE = Automatic;
				INFOPLIST_FILE = UICollectionViewProject4/Info.plist;
				LD_RUNPATH_SEARCH_PATHS = (
					"$(inherited)",
					"@executable_path/Frameworks",
				);
				PRODUCT_BUNDLE_IDENTIFIER = com.my.UICollectionViewProject4;
				PRODUCT_NAME = "$(TARGET_NAME)";
				SWIFT_VERSION = 5.0;
				TARGETED_DEVICE_FAMILY = "1,2";
			};
			name = Debug;
		};
		0449021A26D568C900186D5A /* Release */ = {
			isa = XCBuildConfiguration;
			buildSettings = {
				ASSETCATALOG_COMPILER_APPICON_NAME = AppIcon;
				ASSETCATALOG_COMPILER_GLOBAL_ACCENT_COLOR_NAME = AccentColor;
				CODE_SIGN_STYLE = Automatic;
				INFOPLIST_FILE = UICollectionViewProject4/Info.plist;
				LD_RUNPATH_SEARCH_PATHS = (
					"$(inherited)",
					"@executable_path/Frameworks",
				);
				PRODUCT_BUNDLE_IDENTIFIER = com.my.UICollectionViewProject4;
				PRODUCT_NAME = "$(TARGET_NAME)";
				SWIFT_VERSION = 5.0;
				TARGETED_DEVICE_FAMILY = "1,2";
			};
			name = Release;
		};
/* End XCBuildConfiguration section */

/* Begin XCConfigurationList section */
		044901FF26D568C600186D5A /* Build configuration list for PBXProject "UICollectionViewProject4" */ = {
			isa = XCConfigurationList;
			buildConfigurations = (
				0449021626D568C900186D5A /* Debug */,
				0449021726D568C900186D5A /* Release */,
			);
			defaultConfigurationIsVisible = 0;
			defaultConfigurationName = Release;
		};
		0449021826D568C900186D5A /* Build configuration list for PBXNativeTarget "UICollectionViewProject4" */ = {
			isa = XCConfigurationList;
			buildConfigurations = (
				0449021926D568C900186D5A /* Debug */,
				0449021A26D568C900186D5A /* Release */,
			);
			defaultConfigurationIsVisible = 0;
			defaultConfigurationName = Release;
		};
/* End XCConfigurationList section */
	};
	rootObject = 044901FC26D568C600186D5A /* Project object */;
}
